
Microsoft Visual Studio Solution File, Format Version 12.00
# Visual Studio Version 16
VisualStudioVersion = 16.0.30225.117
MinimumVisualStudioVersion = 10.0.40219.1
Project("{9A19103F-16F7-4668-BE54-9A1E7A4F7556}") = "PartiuAlmoco.Core.Domain", "RestaurantPoll.Core.Domain\PartiuAlmoco.Core.Domain.csproj", "{9348C110-EF3B-420E-9D0D-7BE97065E6C2}"
EndProject
Project("{9A19103F-16F7-4668-BE54-9A1E7A4F7556}") = "PartiuAlmoco.Core.Domain.Tests", "RestaurantPoll.Core.Domain.Tests\PartiuAlmoco.Core.Domain.Tests.csproj", "{C70FC600-B98C-4096-BD18-9101F96CAABA}"
EndProject
Global
	GlobalSection(SolutionConfigurationPlatforms) = preSolution
		Debug|Any CPU = Debug|Any CPU
		Release|Any CPU = Release|Any CPU
	EndGlobalSection
	GlobalSection(ProjectConfigurationPlatforms) = postSolution
		{9348C110-EF3B-420E-9D0D-7BE97065E6C2}.Debug|Any CPU.ActiveCfg = Debug|Any CPU
		{9348C110-EF3B-420E-9D0D-7BE97065E6C2}.Debug|Any CPU.Build.0 = Debug|Any CPU
		{9348C110-EF3B-420E-9D0D-7BE97065E6C2}.Release|Any CPU.ActiveCfg = Release|Any CPU
		{9348C110-EF3B-420E-9D0D-7BE97065E6C2}.Release|Any CPU.Build.0 = Release|Any CPU
		{C70FC600-B98C-4096-BD18-9101F96CAABA}.Debug|Any CPU.ActiveCfg = Debug|Any CPU
		{C70FC600-B98C-4096-BD18-9101F96CAABA}.Debug|Any CPU.Build.0 = Debug|Any CPU
		{C70FC600-B98C-4096-BD18-9101F96CAABA}.Release|Any CPU.ActiveCfg = Release|Any CPU
		{C70FC600-B98C-4096-BD18-9101F96CAABA}.Release|Any CPU.Build.0 = Release|Any CPU
	EndGlobalSection
	GlobalSection(SolutionProperties) = preSolution
		HideSolutionNode = FALSE
	EndGlobalSection
	GlobalSection(ExtensibilityGlobals) = postSolution
		SolutionGuid = {24DA7E18-63B8-4655-8458-99D4B7E6E180}
	EndGlobalSection
EndGlobal
